{
  "name": "hellowchat",
  "lockfileVersion": 2,
  "requires": true,
  "packages": {
    "": {
      "dependencies": {
        "modern-async": "^1.1.2"
      }
    },
    "node_modules/core-js-pure": {
      "version": "3.25.5",
      "resolved": "https://registry.npmjs.org/core-js-pure/-/core-js-pure-3.25.5.tgz",
      "integrity": "sha512-oml3M22pHM+igfWHDfdLVq2ShWmjM2V4L+dQEBs0DWVIqEm9WHCwGAlZ6BmyBQGy5sFrJmcx+856D9lVKyGWYg==",
      "hasInstallScript": true,
      "funding": {
        "type": "opencollective",
        "url": "https://opencollective.com/core-js"
      }
    },
    "node_modules/modern-async": {
      "version": "1.1.2",
      "resolved": "https://registry.npmjs.org/modern-async/-/modern-async-1.1.2.tgz",
      "integrity": "sha512-bgDB0Lg9u86SCDiBlkJGRbAAuArvQLiTwZKEjwL2DtZJMunnNYXS9GWyVBzcbKFnw/XmMpr19NkM/FHX3ce0VA==",
      "dependencies": {
        "core-js-pure": "^3.19.1",
        "nanoassert": "^2.0.0"
      }
    },
    "node_modules/nanoassert": {
      "version": "2.0.0",
      "resolved": "https://registry.npmjs.org/nanoassert/-/nanoassert-2.0.0.tgz",
      "integrity": "sha512-7vO7n28+aYO4J+8w96AzhmU8G+Y/xpPDJz/se19ICsqj/momRbb9mh9ZUtkoJ5X3nTnPdhEJyc0qnM6yAsHBaA=="
    }
  },
  "dependencies": {
    "core-js-pure": {
      "version": "3.25.5",
      "resolved": "https://registry.npmjs.org/core-js-pure/-/core-js-pure-3.25.5.tgz",
      "integrity": "sha512-oml3M22pHM+igfWHDfdLVq2ShWmjM2V4L+dQEBs0DWVIqEm9WHCwGAlZ6BmyBQGy5sFrJmcx+856D9lVKyGWYg=="
    },
    "modern-async": {
      "version": "1.1.2",
      "resolved": "https://registry.npmjs.org/modern-async/-/modern-async-1.1.2.tgz",
      "integrity": "sha512-bgDB0Lg9u86SCDiBlkJGRbAAuArvQLiTwZKEjwL2DtZJMunnNYXS9GWyVBzcbKFnw/XmMpr19NkM/FHX3ce0VA==",
      "requires": {
        "core-js-pure": "^3.19.1",
        "nanoassert": "^2.0.0"
      }
    },
    "nanoassert": {
      "version": "2.0.0",
      "resolved": "https://registry.npmjs.org/nanoassert/-/nanoassert-2.0.0.tgz",
      "integrity": "sha512-7vO7n28+aYO4J+8w96AzhmU8G+Y/xpPDJz/se19ICsqj/momRbb9mh9ZUtkoJ5X3nTnPdhEJyc0qnM6yAsHBaA=="
    }
  }
}
